
Microsoft Visual Studio Solution File, Format Version 12.00
# Visual Studio Version 17
VisualStudioVersion = 17.12.35527.113 d17.12
MinimumVisualStudioVersion = 10.0.40219.1
Project("{FAE04EC0-301F-11D3-BF4B-00C04F79EFBC}") = "CarRental.Application", "CarRental.Application\CarRental.Application.csproj", "{83D5BB6E-F2CF-4C81-8561-1C310FD6DCA2}"
EndProject
Project("{FAE04EC0-301F-11D3-BF4B-00C04F79EFBC}") = "CarRental.Domain", "CarRental.Domain\CarRental.Domain.csproj", "{2685F5DF-73AB-4599-83C7-95ED7875D06D}"
EndProject
Project("{FAE04EC0-301F-11D3-BF4B-00C04F79EFBC}") = "CarRental.Infrastructure", "CarRental.Infrastructure\CarRental.Infrastructure.csproj", "{6DEAE1D9-6FD9-4633-8A01-370B4476439B}"
EndProject
Project("{FAE04EC0-301F-11D3-BF4B-00C04F79EFBC}") = "CarRental", "CarRental\CarRental.csproj", "{6F844F22-3712-468F-80C0-907494A52CFF}"
EndProject
Global
	GlobalSection(SolutionConfigurationPlatforms) = preSolution
		Debug|Any CPU = Debug|Any CPU
		Release|Any CPU = Release|Any CPU
	EndGlobalSection
	GlobalSection(ProjectConfigurationPlatforms) = postSolution
		{83D5BB6E-F2CF-4C81-8561-1C310FD6DCA2}.Debug|Any CPU.ActiveCfg = Debug|Any CPU
		{83D5BB6E-F2CF-4C81-8561-1C310FD6DCA2}.Debug|Any CPU.Build.0 = Debug|Any CPU
		{83D5BB6E-F2CF-4C81-8561-1C310FD6DCA2}.Release|Any CPU.ActiveCfg = Release|Any CPU
		{83D5BB6E-F2CF-4C81-8561-1C310FD6DCA2}.Release|Any CPU.Build.0 = Release|Any CPU
		{2685F5DF-73AB-4599-83C7-95ED7875D06D}.Debug|Any CPU.ActiveCfg = Debug|Any CPU
		{2685F5DF-73AB-4599-83C7-95ED7875D06D}.Debug|Any CPU.Build.0 = Debug|Any CPU
		{2685F5DF-73AB-4599-83C7-95ED7875D06D}.Release|Any CPU.ActiveCfg = Release|Any CPU
		{2685F5DF-73AB-4599-83C7-95ED7875D06D}.Release|Any CPU.Build.0 = Release|Any CPU
		{6DEAE1D9-6FD9-4633-8A01-370B4476439B}.Debug|Any CPU.ActiveCfg = Debug|Any CPU
		{6DEAE1D9-6FD9-4633-8A01-370B4476439B}.Debug|Any CPU.Build.0 = Debug|Any CPU
		{6DEAE1D9-6FD9-4633-8A01-370B4476439B}.Release|Any CPU.ActiveCfg = Release|Any CPU
		{6DEAE1D9-6FD9-4633-8A01-370B4476439B}.Release|Any CPU.Build.0 = Release|Any CPU
		{6F844F22-3712-468F-80C0-907494A52CFF}.Debug|Any CPU.ActiveCfg = Debug|Any CPU
		{6F844F22-3712-468F-80C0-907494A52CFF}.Debug|Any CPU.Build.0 = Debug|Any CPU
		{6F844F22-3712-468F-80C0-907494A52CFF}.Release|Any CPU.ActiveCfg = Release|Any CPU
		{6F844F22-3712-468F-80C0-907494A52CFF}.Release|Any CPU.Build.0 = Release|Any CPU
	EndGlobalSection
	GlobalSection(SolutionProperties) = preSolution
		HideSolutionNode = FALSE
	EndGlobalSection
EndGlobal
